
Microsoft Visual Studio Solution File, Format Version 12.00
# Visual Studio Version 17
VisualStudioVersion = 17.0.31903.59
MinimumVisualStudioVersion = 10.0.40219.1
Project("{2150E333-8FDC-42A3-9474-1A3956D46DE8}") = "src", "src", "{827E0CD3-B72D-47B6-A68D-7590B98EB39B}"
EndProject
Project("{FAE04EC0-301F-11D3-BF4B-00C04F79EFBC}") = "Asisya.Domain", "src\Asisya.Domain\Asisya.Domain.csproj", "{AF8AC968-D8EC-4071-9908-80A8C898B88A}"
EndProject
Project("{FAE04EC0-301F-11D3-BF4B-00C04F79EFBC}") = "Asisya.Application", "src\Asisya.Application\Asisya.Application.csproj", "{2C5FE815-DB68-4E8D-BB2C-20365B1CA8C9}"
EndProject
Project("{FAE04EC0-301F-11D3-BF4B-00C04F79EFBC}") = "Asisya.Infrastructure", "src\Asisya.Infrastructure\Asisya.Infrastructure.csproj", "{D227677D-EED2-4E8F-938D-DB6E43CCCB64}"
EndProject
Project("{FAE04EC0-301F-11D3-BF4B-00C04F79EFBC}") = "Asisya.Api", "src\Asisya.Api\Asisya.Api.csproj", "{4EAC1F8C-7952-4AA1-9A33-9A4FA9C5B3EC}"
EndProject
Project("{2150E333-8FDC-42A3-9474-1A3956D46DE8}") = "tests", "tests", "{0AB3BF05-4346-4AA6-1389-037BE0695223}"
EndProject
Project("{FAE04EC0-301F-11D3-BF4B-00C04F79EFBC}") = "Asisya.Application.Tests", "tests\Asisya.Application.Tests\Asisya.Application.Tests.csproj", "{8834C378-46E5-43C1-88A3-13FA9ABC5DD3}"
EndProject
Project("{FAE04EC0-301F-11D3-BF4B-00C04F79EFBC}") = "Asisya.Api.Tests", "tests\Asisya.Api.Tests\Asisya.Api.Tests.csproj", "{2C0D3C61-5632-4424-87F0-1CFFD031446E}"
EndProject
Global
	GlobalSection(SolutionConfigurationPlatforms) = preSolution
		Debug|Any CPU = Debug|Any CPU
		Debug|x64 = Debug|x64
		Debug|x86 = Debug|x86
		Release|Any CPU = Release|Any CPU
		Release|x64 = Release|x64
		Release|x86 = Release|x86
	EndGlobalSection
	GlobalSection(ProjectConfigurationPlatforms) = postSolution
		{AF8AC968-D8EC-4071-9908-80A8C898B88A}.Debug|Any CPU.ActiveCfg = Debug|Any CPU
		{AF8AC968-D8EC-4071-9908-80A8C898B88A}.Debug|Any CPU.Build.0 = Debug|Any CPU
		{AF8AC968-D8EC-4071-9908-80A8C898B88A}.Debug|x64.ActiveCfg = Debug|Any CPU
		{AF8AC968-D8EC-4071-9908-80A8C898B88A}.Debug|x64.Build.0 = Debug|Any CPU
		{AF8AC968-D8EC-4071-9908-80A8C898B88A}.Debug|x86.ActiveCfg = Debug|Any CPU
		{AF8AC968-D8EC-4071-9908-80A8C898B88A}.Debug|x86.Build.0 = Debug|Any CPU
		{AF8AC968-D8EC-4071-9908-80A8C898B88A}.Release|Any CPU.ActiveCfg = Release|Any CPU
		{AF8AC968-D8EC-4071-9908-80A8C898B88A}.Release|Any CPU.Build.0 = Release|Any CPU
		{AF8AC968-D8EC-4071-9908-80A8C898B88A}.Release|x64.ActiveCfg = Release|Any CPU
		{AF8AC968-D8EC-4071-9908-80A8C898B88A}.Release|x64.Build.0 = Release|Any CPU
		{AF8AC968-D8EC-4071-9908-80A8C898B88A}.Release|x86.ActiveCfg = Release|Any CPU
		{AF8AC968-D8EC-4071-9908-80A8C898B88A}.Release|x86.Build.0 = Release|Any CPU
		{2C5FE815-DB68-4E8D-BB2C-20365B1CA8C9}.Debug|Any CPU.ActiveCfg = Debug|Any CPU
		{2C5FE815-DB68-4E8D-BB2C-20365B1CA8C9}.Debug|Any CPU.Build.0 = Debug|Any CPU
		{2C5FE815-DB68-4E8D-BB2C-20365B1CA8C9}.Debug|x64.ActiveCfg = Debug|Any CPU
		{2C5FE815-DB68-4E8D-BB2C-20365B1CA8C9}.Debug|x64.Build.0 = Debug|Any CPU
		{2C5FE815-DB68-4E8D-BB2C-20365B1CA8C9}.Debug|x86.ActiveCfg = Debug|Any CPU
		{2C5FE815-DB68-4E8D-BB2C-20365B1CA8C9}.Debug|x86.Build.0 = Debug|Any CPU
		{2C5FE815-DB68-4E8D-BB2C-20365B1CA8C9}.Release|Any CPU.ActiveCfg = Release|Any CPU
		{2C5FE815-DB68-4E8D-BB2C-20365B1CA8C9}.Release|Any CPU.Build.0 = Release|Any CPU
		{2C5FE815-DB68-4E8D-BB2C-20365B1CA8C9}.Release|x64.ActiveCfg = Release|Any CPU
		{2C5FE815-DB68-4E8D-BB2C-20365B1CA8C9}.Release|x64.Build.0 = Release|Any CPU
		{2C5FE815-DB68-4E8D-BB2C-20365B1CA8C9}.Release|x86.ActiveCfg = Release|Any CPU
		{2C5FE815-DB68-4E8D-BB2C-20365B1CA8C9}.Release|x86.Build.0 = Release|Any CPU
		{D227677D-EED2-4E8F-938D-DB6E43CCCB64}.Debug|Any CPU.ActiveCfg = Debug|Any CPU
		{D227677D-EED2-4E8F-938D-DB6E43CCCB64}.Debug|Any CPU.Build.0 = Debug|Any CPU
		{D227677D-EED2-4E8F-938D-DB6E43CCCB64}.Debug|x64.ActiveCfg = Debug|Any CPU
		{D227677D-EED2-4E8F-938D-DB6E43CCCB64}.Debug|x64.Build.0 = Debug|Any CPU
		{D227677D-EED2-4E8F-938D-DB6E43CCCB64}.Debug|x86.ActiveCfg = Debug|Any CPU
		{D227677D-EED2-4E8F-938D-DB6E43CCCB64}.Debug|x86.Build.0 = Debug|Any CPU
		{D227677D-EED2-4E8F-938D-DB6E43CCCB64}.Release|Any CPU.ActiveCfg = Release|Any CPU
		{D227677D-EED2-4E8F-938D-DB6E43CCCB64}.Release|Any CPU.Build.0 = Release|Any CPU
		{D227677D-EED2-4E8F-938D-DB6E43CCCB64}.Release|x64.ActiveCfg = Release|Any CPU
		{D227677D-EED2-4E8F-938D-DB6E43CCCB64}.Release|x64.Build.0 = Release|Any CPU
		{D227677D-EED2-4E8F-938D-DB6E43CCCB64}.Release|x86.ActiveCfg = Release|Any CPU
		{D227677D-EED2-4E8F-938D-DB6E43CCCB64}.Release|x86.Build.0 = Release|Any CPU
		{4EAC1F8C-7952-4AA1-9A33-9A4FA9C5B3EC}.Debug|Any CPU.ActiveCfg = Debug|Any CPU
		{4EAC1F8C-7952-4AA1-9A33-9A4FA9C5B3EC}.Debug|Any CPU.Build.0 = Debug|Any CPU
		{4EAC1F8C-7952-4AA1-9A33-9A4FA9C5B3EC}.Debug|x64.ActiveCfg = Debug|Any CPU
		{4EAC1F8C-7952-4AA1-9A33-9A4FA9C5B3EC}.Debug|x64.Build.0 = Debug|Any CPU
		{4EAC1F8C-7952-4AA1-9A33-9A4FA9C5B3EC}.Debug|x86.ActiveCfg = Debug|Any CPU
		{4EAC1F8C-7952-4AA1-9A33-9A4FA9C5B3EC}.Debug|x86.Build.0 = Debug|Any CPU
		{4EAC1F8C-7952-4AA1-9A33-9A4FA9C5B3EC}.Release|Any CPU.ActiveCfg = Release|Any CPU
		{4EAC1F8C-7952-4AA1-9A33-9A4FA9C5B3EC}.Release|Any CPU.Build.0 = Release|Any CPU
		{4EAC1F8C-7952-4AA1-9A33-9A4FA9C5B3EC}.Release|x64.ActiveCfg = Release|Any CPU
		{4EAC1F8C-7952-4AA1-9A33-9A4FA9C5B3EC}.Release|x64.Build.0 = Release|Any CPU
		{4EAC1F8C-7952-4AA1-9A33-9A4FA9C5B3EC}.Release|x86.ActiveCfg = Release|Any CPU
		{4EAC1F8C-7952-4AA1-9A33-9A4FA9C5B3EC}.Release|x86.Build.0 = Release|Any CPU
		{8834C378-46E5-43C1-88A3-13FA9ABC5DD3}.Debug|Any CPU.ActiveCfg = Debug|Any CPU
		{8834C378-46E5-43C1-88A3-13FA9ABC5DD3}.Debug|Any CPU.Build.0 = Debug|Any CPU
		{8834C378-46E5-43C1-88A3-13FA9ABC5DD3}.Debug|x64.ActiveCfg = Debug|Any CPU
		{8834C378-46E5-43C1-88A3-13FA9ABC5DD3}.Debug|x64.Build.0 = Debug|Any CPU
		{8834C378-46E5-43C1-88A3-13FA9ABC5DD3}.Debug|x86.ActiveCfg = Debug|Any CPU
		{8834C378-46E5-43C1-88A3-13FA9ABC5DD3}.Debug|x86.Build.0 = Debug|Any CPU
		{8834C378-46E5-43C1-88A3-13FA9ABC5DD3}.Release|Any CPU.ActiveCfg = Release|Any CPU
		{8834C378-46E5-43C1-88A3-13FA9ABC5DD3}.Release|Any CPU.Build.0 = Release|Any CPU
		{8834C378-46E5-43C1-88A3-13FA9ABC5DD3}.Release|x64.ActiveCfg = Release|Any CPU
		{8834C378-46E5-43C1-88A3-13FA9ABC5DD3}.Release|x64.Build.0 = Release|Any CPU
		{8834C378-46E5-43C1-88A3-13FA9ABC5DD3}.Release|x86.ActiveCfg = Release|Any CPU
		{8834C378-46E5-43C1-88A3-13FA9ABC5DD3}.Release|x86.Build.0 = Release|Any CPU
		{2C0D3C61-5632-4424-87F0-1CFFD031446E}.Debug|Any CPU.ActiveCfg = Debug|Any CPU
		{2C0D3C61-5632-4424-87F0-1CFFD031446E}.Debug|Any CPU.Build.0 = Debug|Any CPU
		{2C0D3C61-5632-4424-87F0-1CFFD031446E}.Debug|x64.ActiveCfg = Debug|Any CPU
		{2C0D3C61-5632-4424-87F0-1CFFD031446E}.Debug|x64.Build.0 = Debug|Any CPU
		{2C0D3C61-5632-4424-87F0-1CFFD031446E}.Debug|x86.ActiveCfg = Debug|Any CPU
		{2C0D3C61-5632-4424-87F0-1CFFD031446E}.Debug|x86.Build.0 = Debug|Any CPU
		{2C0D3C61-5632-4424-87F0-1CFFD031446E}.Release|Any CPU.ActiveCfg = Release|Any CPU
		{2C0D3C61-5632-4424-87F0-1CFFD031446E}.Release|Any CPU.Build.0 = Release|Any CPU
		{2C0D3C61-5632-4424-87F0-1CFFD031446E}.Release|x64.ActiveCfg = Release|Any CPU
		{2C0D3C61-5632-4424-87F0-1CFFD031446E}.Release|x64.Build.0 = Release|Any CPU
		{2C0D3C61-5632-4424-87F0-1CFFD031446E}.Release|x86.ActiveCfg = Release|Any CPU
		{2C0D3C61-5632-4424-87F0-1CFFD031446E}.Release|x86.Build.0 = Release|Any CPU
	EndGlobalSection
	GlobalSection(SolutionProperties) = preSolution
		HideSolutionNode = FALSE
	EndGlobalSection
	GlobalSection(NestedProjects) = preSolution
		{AF8AC968-D8EC-4071-9908-80A8C898B88A} = {827E0CD3-B72D-47B6-A68D-7590B98EB39B}
		{2C5FE815-DB68-4E8D-BB2C-20365B1CA8C9} = {827E0CD3-B72D-47B6-A68D-7590B98EB39B}
		{D227677D-EED2-4E8F-938D-DB6E43CCCB64} = {827E0CD3-B72D-47B6-A68D-7590B98EB39B}
		{4EAC1F8C-7952-4AA1-9A33-9A4FA9C5B3EC} = {827E0CD3-B72D-47B6-A68D-7590B98EB39B}
		{8834C378-46E5-43C1-88A3-13FA9ABC5DD3} = {0AB3BF05-4346-4AA6-1389-037BE0695223}
		{2C0D3C61-5632-4424-87F0-1CFFD031446E} = {0AB3BF05-4346-4AA6-1389-037BE0695223}
	EndGlobalSection
EndGlobal
